
Microsoft Visual Studio Solution File, Format Version 12.00
# Visual Studio Version 16
VisualStudioVersion = 16.0.30907.101
MinimumVisualStudioVersion = 10.0.40219.1
Project("{FAE04EC0-301F-11D3-BF4B-00C04F79EFBC}") = "MyDictionary", "MyDictionary\MyDictionary.csproj", "{51889B0E-D588-4EFA-BA97-BA5AF58768A5}"
EndProject
Global
	GlobalSection(SolutionConfigurationPlatforms) = preSolution
		Debug|Any CPU = Debug|Any CPU
		Release|Any CPU = Release|Any CPU
	EndGlobalSection
	GlobalSection(ProjectConfigurationPlatforms) = postSolution
		{51889B0E-D588-4EFA-BA97-BA5AF58768A5}.Debug|Any CPU.ActiveCfg = Debug|Any CPU
		{51889B0E-D588-4EFA-BA97-BA5AF58768A5}.Debug|Any CPU.Build.0 = Debug|Any CPU
		{51889B0E-D588-4EFA-BA97-BA5AF58768A5}.Release|Any CPU.ActiveCfg = Release|Any CPU
		{51889B0E-D588-4EFA-BA97-BA5AF58768A5}.Release|Any CPU.Build.0 = Release|Any CPU
	EndGlobalSection
	GlobalSection(SolutionProperties) = preSolution
		HideSolutionNode = FALSE
	EndGlobalSection
	GlobalSection(ExtensibilityGlobals) = postSolution
		SolutionGuid = {77106B23-3E49-4AA0-A20E-8EF4B109BC7F}
	EndGlobalSection
EndGlobal
